
Microsoft Visual Studio Solution File, Format Version 12.00
# Visual Studio 15
Project("{FAE04EC0-301F-11D3-BF4B-00C04F79EFBC}") = "Api", "Api\Api.csproj", "{F217E091-B5A0-43B3-AC5A-13D6B562A63E}"
EndProject
Global
	GlobalSection(SolutionConfigurationPlatforms) = preSolution
		Debug|Any CPU = Debug|Any CPU
		Release|Any CPU = Release|Any CPU
	EndGlobalSection
	GlobalSection(ProjectConfigurationPlatforms) = postSolution
		{F217E091-B5A0-43B3-AC5A-13D6B562A63E}.Debug|Any CPU.ActiveCfg = Debug|Any CPU
		{F217E091-B5A0-43B3-AC5A-13D6B562A63E}.Debug|Any CPU.Build.0 = Debug|Any CPU
		{F217E091-B5A0-43B3-AC5A-13D6B562A63E}.Release|Any CPU.ActiveCfg = Release|Any CPU
		{F217E091-B5A0-43B3-AC5A-13D6B562A63E}.Release|Any CPU.Build.0 = Release|Any CPU
	EndGlobalSection
EndGlobal
